
Microsoft Visual Studio Solution File, Format Version 12.00
# Visual Studio Version 17
VisualStudioVersion = 17.1.32421.90
MinimumVisualStudioVersion = 10.0.40219.1
Project("{FAE04EC0-301F-11D3-BF4B-00C04F79EFBC}") = "Ejercicios", "Ejercicios\Ejercicios.csproj", "{CDBB02E6-6228-45EF-98E0-0B1C889406ED}"
EndProject
Global
	GlobalSection(SolutionConfigurationPlatforms) = preSolution
		Debug|Any CPU = Debug|Any CPU
		Release|Any CPU = Release|Any CPU
	EndGlobalSection
	GlobalSection(ProjectConfigurationPlatforms) = postSolution
		{CDBB02E6-6228-45EF-98E0-0B1C889406ED}.Debug|Any CPU.ActiveCfg = Debug|Any CPU
		{CDBB02E6-6228-45EF-98E0-0B1C889406ED}.Debug|Any CPU.Build.0 = Debug|Any CPU
		{CDBB02E6-6228-45EF-98E0-0B1C889406ED}.Release|Any CPU.ActiveCfg = Release|Any CPU
		{CDBB02E6-6228-45EF-98E0-0B1C889406ED}.Release|Any CPU.Build.0 = Release|Any CPU
	EndGlobalSection
	GlobalSection(SolutionProperties) = preSolution
		HideSolutionNode = FALSE
	EndGlobalSection
	GlobalSection(ExtensibilityGlobals) = postSolution
		SolutionGuid = {DE0CE4CD-44CE-43CB-96D6-83611E942AC2}
	EndGlobalSection
EndGlobal
