
Microsoft Visual Studio Solution File, Format Version 12.00
# Visual Studio Version 17
VisualStudioVersion = 17.4.33122.133
MinimumVisualStudioVersion = 10.0.40219.1
Project("{FAE04EC0-301F-11D3-BF4B-00C04F79EFBC}") = "VideoClub", "VideoClub\VideoClub.csproj", "{6BF23E34-1EEE-4933-8C73-9207E8F308EE}"
EndProject
Project("{FAE04EC0-301F-11D3-BF4B-00C04F79EFBC}") = "Datos", "Datos\Datos.csproj", "{14645567-5B84-4E9D-ABCF-4839195F4250}"
EndProject
Project("{FAE04EC0-301F-11D3-BF4B-00C04F79EFBC}") = "Negocio", "Negocio\Negocio.csproj", "{141D4938-6987-4559-9CC2-FB444A1A6C86}"
EndProject
Global
	GlobalSection(SolutionConfigurationPlatforms) = preSolution
		Debug|Any CPU = Debug|Any CPU
		Release|Any CPU = Release|Any CPU
	EndGlobalSection
	GlobalSection(ProjectConfigurationPlatforms) = postSolution
		{6BF23E34-1EEE-4933-8C73-9207E8F308EE}.Debug|Any CPU.ActiveCfg = Debug|Any CPU
		{6BF23E34-1EEE-4933-8C73-9207E8F308EE}.Debug|Any CPU.Build.0 = Debug|Any CPU
		{6BF23E34-1EEE-4933-8C73-9207E8F308EE}.Release|Any CPU.ActiveCfg = Release|Any CPU
		{6BF23E34-1EEE-4933-8C73-9207E8F308EE}.Release|Any CPU.Build.0 = Release|Any CPU
		{14645567-5B84-4E9D-ABCF-4839195F4250}.Debug|Any CPU.ActiveCfg = Debug|Any CPU
		{14645567-5B84-4E9D-ABCF-4839195F4250}.Debug|Any CPU.Build.0 = Debug|Any CPU
		{14645567-5B84-4E9D-ABCF-4839195F4250}.Release|Any CPU.ActiveCfg = Release|Any CPU
		{14645567-5B84-4E9D-ABCF-4839195F4250}.Release|Any CPU.Build.0 = Release|Any CPU
		{141D4938-6987-4559-9CC2-FB444A1A6C86}.Debug|Any CPU.ActiveCfg = Debug|Any CPU
		{141D4938-6987-4559-9CC2-FB444A1A6C86}.Debug|Any CPU.Build.0 = Debug|Any CPU
		{141D4938-6987-4559-9CC2-FB444A1A6C86}.Release|Any CPU.ActiveCfg = Release|Any CPU
		{141D4938-6987-4559-9CC2-FB444A1A6C86}.Release|Any CPU.Build.0 = Release|Any CPU
	EndGlobalSection
	GlobalSection(SolutionProperties) = preSolution
		HideSolutionNode = FALSE
	EndGlobalSection
	GlobalSection(ExtensibilityGlobals) = postSolution
		SolutionGuid = {E383416F-8D40-43A1-B4FC-8188E40C73E9}
	EndGlobalSection
EndGlobal
