
Microsoft Visual Studio Solution File, Format Version 12.00
# Visual Studio Version 17
VisualStudioVersion = 17.4.33122.133
MinimumVisualStudioVersion = 10.0.40219.1
Project("{FAE04EC0-301F-11D3-BF4B-00C04F79EFBC}") = "uno", "uno\uno.csproj", "{8F5285F2-32D4-418B-96AD-6933E7D06D8D}"
EndProject
Project("{FAE04EC0-301F-11D3-BF4B-00C04F79EFBC}") = "dos", "dos\dos.csproj", "{13A08DA2-2420-4AC1-AD7E-3DBAA53731B7}"
EndProject
Global
	GlobalSection(SolutionConfigurationPlatforms) = preSolution
		Debug|Any CPU = Debug|Any CPU
		Release|Any CPU = Release|Any CPU
	EndGlobalSection
	GlobalSection(ProjectConfigurationPlatforms) = postSolution
		{8F5285F2-32D4-418B-96AD-6933E7D06D8D}.Debug|Any CPU.ActiveCfg = Debug|Any CPU
		{8F5285F2-32D4-418B-96AD-6933E7D06D8D}.Debug|Any CPU.Build.0 = Debug|Any CPU
		{8F5285F2-32D4-418B-96AD-6933E7D06D8D}.Release|Any CPU.ActiveCfg = Release|Any CPU
		{8F5285F2-32D4-418B-96AD-6933E7D06D8D}.Release|Any CPU.Build.0 = Release|Any CPU
		{13A08DA2-2420-4AC1-AD7E-3DBAA53731B7}.Debug|Any CPU.ActiveCfg = Debug|Any CPU
		{13A08DA2-2420-4AC1-AD7E-3DBAA53731B7}.Debug|Any CPU.Build.0 = Debug|Any CPU
		{13A08DA2-2420-4AC1-AD7E-3DBAA53731B7}.Release|Any CPU.ActiveCfg = Release|Any CPU
		{13A08DA2-2420-4AC1-AD7E-3DBAA53731B7}.Release|Any CPU.Build.0 = Release|Any CPU
	EndGlobalSection
	GlobalSection(SolutionProperties) = preSolution
		HideSolutionNode = FALSE
	EndGlobalSection
	GlobalSection(ExtensibilityGlobals) = postSolution
		SolutionGuid = {0E1C9720-A17E-4E5E-9802-391C9C4127DF}
	EndGlobalSection
EndGlobal
