
Microsoft Visual Studio Solution File, Format Version 12.00
# Visual Studio Version 17
VisualStudioVersion = 17.2.32505.173
MinimumVisualStudioVersion = 10.0.40219.1
Project("{FAE04EC0-301F-11D3-BF4B-00C04F79EFBC}") = "Cdatos", "Cdatos\Cdatos.csproj", "{94E865B0-21A1-4A0C-BCDD-025597E223C6}"
EndProject
Project("{FAE04EC0-301F-11D3-BF4B-00C04F79EFBC}") = "Centidades", "Centidades\Centidades.csproj", "{45EBD0C8-ADD7-477C-B59B-F386AE2807C2}"
EndProject
Project("{FAE04EC0-301F-11D3-BF4B-00C04F79EFBC}") = "Cnegocio", "Cnegocio\Cnegocio.csproj", "{B55FDF1D-50C7-488E-AD30-F2028A862957}"
EndProject
Project("{FAE04EC0-301F-11D3-BF4B-00C04F79EFBC}") = "Cpresentacion", "Cpresentacion\Cpresentacion.csproj", "{04E7BB42-63A4-4D78-8748-776AEA9D7F3E}"
EndProject
Global
	GlobalSection(SolutionConfigurationPlatforms) = preSolution
		Debug|Any CPU = Debug|Any CPU
		Release|Any CPU = Release|Any CPU
	EndGlobalSection
	GlobalSection(ProjectConfigurationPlatforms) = postSolution
		{94E865B0-21A1-4A0C-BCDD-025597E223C6}.Debug|Any CPU.ActiveCfg = Debug|Any CPU
		{94E865B0-21A1-4A0C-BCDD-025597E223C6}.Debug|Any CPU.Build.0 = Debug|Any CPU
		{94E865B0-21A1-4A0C-BCDD-025597E223C6}.Release|Any CPU.ActiveCfg = Release|Any CPU
		{94E865B0-21A1-4A0C-BCDD-025597E223C6}.Release|Any CPU.Build.0 = Release|Any CPU
		{45EBD0C8-ADD7-477C-B59B-F386AE2807C2}.Debug|Any CPU.ActiveCfg = Debug|Any CPU
		{45EBD0C8-ADD7-477C-B59B-F386AE2807C2}.Debug|Any CPU.Build.0 = Debug|Any CPU
		{45EBD0C8-ADD7-477C-B59B-F386AE2807C2}.Release|Any CPU.ActiveCfg = Release|Any CPU
		{45EBD0C8-ADD7-477C-B59B-F386AE2807C2}.Release|Any CPU.Build.0 = Release|Any CPU
		{B55FDF1D-50C7-488E-AD30-F2028A862957}.Debug|Any CPU.ActiveCfg = Debug|Any CPU
		{B55FDF1D-50C7-488E-AD30-F2028A862957}.Debug|Any CPU.Build.0 = Debug|Any CPU
		{B55FDF1D-50C7-488E-AD30-F2028A862957}.Release|Any CPU.ActiveCfg = Release|Any CPU
		{B55FDF1D-50C7-488E-AD30-F2028A862957}.Release|Any CPU.Build.0 = Release|Any CPU
		{04E7BB42-63A4-4D78-8748-776AEA9D7F3E}.Debug|Any CPU.ActiveCfg = Debug|Any CPU
		{04E7BB42-63A4-4D78-8748-776AEA9D7F3E}.Debug|Any CPU.Build.0 = Debug|Any CPU
		{04E7BB42-63A4-4D78-8748-776AEA9D7F3E}.Release|Any CPU.ActiveCfg = Release|Any CPU
		{04E7BB42-63A4-4D78-8748-776AEA9D7F3E}.Release|Any CPU.Build.0 = Release|Any CPU
	EndGlobalSection
	GlobalSection(SolutionProperties) = preSolution
		HideSolutionNode = FALSE
	EndGlobalSection
	GlobalSection(ExtensibilityGlobals) = postSolution
		SolutionGuid = {5229E88C-A8AB-401B-8649-68CD7C9B92C9}
	EndGlobalSection
EndGlobal
